
Microsoft Visual Studio Solution File, Format Version 12.00
# Visual Studio Version 16
VisualStudioVersion = 16.0.31205.134
MinimumVisualStudioVersion = 10.0.40219.1
Project("{9A19103F-16F7-4668-BE54-9A1E7A4F7556}") = "ClassManagement", "ClassManagement\ClassManagement.csproj", "{D2DF1FE8-B65F-491C-9906-57BE503C4447}"
EndProject
Global
	GlobalSection(SolutionConfigurationPlatforms) = preSolution
		Debug|Any CPU = Debug|Any CPU
		Release|Any CPU = Release|Any CPU
	EndGlobalSection
	GlobalSection(ProjectConfigurationPlatforms) = postSolution
		{D2DF1FE8-B65F-491C-9906-57BE503C4447}.Debug|Any CPU.ActiveCfg = Debug|Any CPU
		{D2DF1FE8-B65F-491C-9906-57BE503C4447}.Debug|Any CPU.Build.0 = Debug|Any CPU
		{D2DF1FE8-B65F-491C-9906-57BE503C4447}.Release|Any CPU.ActiveCfg = Release|Any CPU
		{D2DF1FE8-B65F-491C-9906-57BE503C4447}.Release|Any CPU.Build.0 = Release|Any CPU
	EndGlobalSection
	GlobalSection(SolutionProperties) = preSolution
		HideSolutionNode = FALSE
	EndGlobalSection
	GlobalSection(ExtensibilityGlobals) = postSolution
		SolutionGuid = {543594DB-F754-4D31-8B51-B5FAAB9F38A7}
	EndGlobalSection
EndGlobal
